// !$*UTF8*$!
{
	archiveVersion = 1;
	classes = {
	};
	objectVersion = 50;
	objects = {

/* Begin PBXBuildFile section */
		AA6880BA230A75D90040F133 /* AppDelegate.m in Sources */ = {isa = PBXBuildFile; fileRef = AA6880B9230A75D90040F133 /* AppDelegate.m */; };
		AA6880BD230A75D90040F133 /* ViewController.m in Sources */ = {isa = PBXBuildFile; fileRef = AA6880BC230A75D90040F133 /* ViewController.m */; };
		AA6880C0230A75D90040F133 /* Main.storyboard in Resources */ = {isa = PBXBuildFile; fileRef = AA6880BE230A75D90040F133 /* Main.storyboard */; };
		AA6880C2230A75DA0040F133 /* Assets.xcassets in Resources */ = {isa = PBXBuildFile; fileRef = AA6880C1230A75DA0040F133 /* Assets.xcassets */; };
		AA6880C5230A75DA0040F133 /* LaunchScreen.storyboard in Resources */ = {isa = PBXBuildFile; fileRef = AA6880C3230A75DA0040F133 /* LaunchScreen.storyboard */; };
		AA6880C8230A75DA0040F133 /* main.m in Sources */ = {isa = PBXBuildFile; fileRef = AA6880C7230A75DA0040F133 /* main.m */; };
		AA6880D2230A75DA0040F133 /* UIPickerView___Tests.m in Sources */ = {isa = PBXBuildFile; fileRef = AA6880D1230A75DA0040F133 /* UIPickerView___Tests.m */; };
		AA6880DD230A75DA0040F133 /* UIPickerView___UITests.m in Sources */ = {isa = PBXBuildFile; fileRef = AA6880DC230A75DA0040F133 /* UIPickerView___UITests.m */; };
/* End PBXBuildFile section */

/* Begin PBXContainerItemProxy section */
		AA6880CE230A75DA0040F133 /* PBXContainerItemProxy */ = {
			isa = PBXContainerItemProxy;
			containerPortal = AA6880AD230A75D90040F133 /* Project object */;
			proxyType = 1;
			remoteGlobalIDString = AA6880B4230A75D90040F133;
			remoteInfo = "UIPickerView的使用";
		};
		AA6880D9230A75DA0040F133 /* PBXContainerItemProxy */ = {
			isa = PBXContainerItemProxy;
			containerPortal = AA6880AD230A75D90040F133 /* Project object */;
			proxyType = 1;
			remoteGlobalIDString = AA6880B4230A75D90040F133;
			remoteInfo = "UIPickerView的使用";
		};
/* End PBXContainerItemProxy section */

/* Begin PBXFileReference section */
		AA6880B5230A75D90040F133 /* UIPickerView的使用.app */ = {isa = PBXFileReference; explicitFileType = wrapper.application; includeInIndex = 0; path = "UIPickerView的使用.app"; sourceTree = BUILT_PRODUCTS_DIR; };
		AA6880B8230A75D90040F133 /* AppDelegate.h */ = {isa = PBXFileReference; lastKnownFileType = sourcecode.c.h; path = AppDelegate.h; sourceTree = "<group>"; };
		AA6880B9230A75D90040F133 /* AppDelegate.m */ = {isa = PBXFileReference; lastKnownFileType = sourcecode.c.objc; path = AppDelegate.m; sourceTree = "<group>"; };
		AA6880BB230A75D90040F133 /* ViewController.h */ = {isa = PBXFileReference; lastKnownFileType = sourcecode.c.h; path = ViewController.h; sourceTree = "<group>"; };
		AA6880BC230A75D90040F133 /* ViewController.m */ = {isa = PBXFileReference; lastKnownFileType = sourcecode.c.objc; path = ViewController.m; sourceTree = "<group>"; };
		AA6880BF230A75D90040F133 /* Base */ = {isa = PBXFileReference; lastKnownFileType = file.storyboard; name = Base; path = Base.lproj/Main.storyboard; sourceTree = "<group>"; };
		AA6880C1230A75DA0040F133 /* Assets.xcassets */ = {isa = PBXFileReference; lastKnownFileType = folder.assetcatalog; path = Assets.xcassets; sourceTree = "<group>"; };
		AA6880C4230A75DA0040F133 /* Base */ = {isa = PBXFileReference; lastKnownFileType = file.storyboard; name = Base; path = Base.lproj/LaunchScreen.storyboard; sourceTree = "<group>"; };
		AA6880C6230A75DA0040F133 /* Info.plist */ = {isa = PBXFileReference; lastKnownFileType = text.plist.xml; path = Info.plist; sourceTree = "<group>"; };
		AA6880C7230A75DA0040F133 /* main.m */ = {isa = PBXFileReference; lastKnownFileType = sourcecode.c.objc; path = main.m; sourceTree = "<group>"; };
		AA6880CD230A75DA0040F133 /* UIPickerView的使用Tests.xctest */ = {isa = PBXFileReference; explicitFileType = wrapper.cfbundle; includeInIndex = 0; path = "UIPickerView的使用Tests.xctest"; sourceTree = BUILT_PRODUCTS_DIR; };
		AA6880D1230A75DA0040F133 /* UIPickerView___Tests.m */ = {isa = PBXFileReference; lastKnownFileType = sourcecode.c.objc; path = "UIPickerView___Tests.m"; sourceTree = "<group>"; };
		AA6880D3230A75DA0040F133 /* Info.plist */ = {isa = PBXFileReference; lastKnownFileType = text.plist.xml; path = Info.plist; sourceTree = "<group>"; };
		AA6880D8230A75DA0040F133 /* UIPickerView的使用UITests.xctest */ = {isa = PBXFileReference; explicitFileType = wrapper.cfbundle; includeInIndex = 0; path = "UIPickerView的使用UITests.xctest"; sourceTree = BUILT_PRODUCTS_DIR; };
		AA6880DC230A75DA0040F133 /* UIPickerView___UITests.m */ = {isa = PBXFileReference; lastKnownFileType = sourcecode.c.objc; path = "UIPickerView___UITests.m"; sourceTree = "<group>"; };
		AA6880DE230A75DA0040F133 /* Info.plist */ = {isa = PBXFileReference; lastKnownFileType = text.plist.xml; path = Info.plist; sourceTree = "<group>"; };
/* End PBXFileReference section */

/* Begin PBXFrameworksBuildPhase section */
		AA6880B2230A75D90040F133 /* Frameworks */ = {
			isa = PBXFrameworksBuildPhase;
			buildActionMask = 2147483647;
			files = (
			);
			runOnlyForDeploymentPostprocessing = 0;
		};
		AA6880CA230A75DA0040F133 /* Frameworks */ = {
			isa = PBXFrameworksBuildPhase;
			buildActionMask = 2147483647;
			files = (
			);
			runOnlyForDeploymentPostprocessing = 0;
		};
		AA6880D5230A75DA0040F133 /* Frameworks */ = {
			isa = PBXFrameworksBuildPhase;
			buildActionMask = 2147483647;
			files = (
			);
			runOnlyForDeploymentPostprocessing = 0;
		};
/* End PBXFrameworksBuildPhase section */

/* Begin PBXGroup section */
		AA6880AC230A75D90040F133 = {
			isa = PBXGroup;
			children = (
				AA6880B7230A75D90040F133 /* UIPickerView的使用 */,
				AA6880D0230A75DA0040F133 /* UIPickerView的使用Tests */,
				AA6880DB230A75DA0040F133 /* UIPickerView的使用UITests */,
				AA6880B6230A75D90040F133 /* Products */,
			);
			sourceTree = "<group>";
		};
		AA6880B6230A75D90040F133 /* Products */ = {
			isa = PBXGroup;
			children = (
				AA6880B5230A75D90040F133 /* UIPickerView的使用.app */,
				AA6880CD230A75DA0040F133 /* UIPickerView的使用Tests.xctest */,
				AA6880D8230A75DA0040F133 /* UIPickerView的使用UITests.xctest */,
			);
			name = Products;
			sourceTree = "<group>";
		};
		AA6880B7230A75D90040F133 /* UIPickerView的使用 */ = {
			isa = PBXGroup;
			children = (
				AA6880B8230A75D90040F133 /* AppDelegate.h */,
				AA6880B9230A75D90040F133 /* AppDelegate.m */,
				AA6880BB230A75D90040F133 /* ViewController.h */,
				AA6880BC230A75D90040F133 /* ViewController.m */,
				AA6880BE230A75D90040F133 /* Main.storyboard */,
				AA6880C1230A75DA0040F133 /* Assets.xcassets */,
				AA6880C3230A75DA0040F133 /* LaunchScreen.storyboard */,
				AA6880C6230A75DA0040F133 /* Info.plist */,
				AA6880C7230A75DA0040F133 /* main.m */,
			);
			path = "UIPickerView的使用";
			sourceTree = "<group>";
		};
		AA6880D0230A75DA0040F133 /* UIPickerView的使用Tests */ = {
			isa = PBXGroup;
			children = (
				AA6880D1230A75DA0040F133 /* UIPickerView___Tests.m */,
				AA6880D3230A75DA0040F133 /* Info.plist */,
			);
			path = "UIPickerView的使用Tests";
			sourceTree = "<group>";
		};
		AA6880DB230A75DA0040F133 /* UIPickerView的使用UITests */ = {
			isa = PBXGroup;
			children = (
				AA6880DC230A75DA0040F133 /* UIPickerView___UITests.m */,
				AA6880DE230A75DA0040F133 /* Info.plist */,
			);
			path = "UIPickerView的使用UITests";
			sourceTree = "<group>";
		};
/* End PBXGroup section */

/* Begin PBXNativeTarget section */
		AA6880B4230A75D90040F133 /* UIPickerView的使用 */ = {
			isa = PBXNativeTarget;
			buildConfigurationList = AA6880E1230A75DA0040F133 /* Build configuration list for PBXNativeTarget "UIPickerView的使用" */;
			buildPhases = (
				AA6880B1230A75D90040F133 /* Sources */,
				AA6880B2230A75D90040F133 /* Frameworks */,
				AA6880B3230A75D90040F133 /* Resources */,
			);
			buildRules = (
			);
			dependencies = (
			);
			name = "UIPickerView的使用";
			productName = "UIPickerView的使用";
			productReference = AA6880B5230A75D90040F133 /* UIPickerView的使用.app */;
			productType = "com.apple.product-type.application";
		};
		AA6880CC230A75DA0040F133 /* UIPickerView的使用Tests */ = {
			isa = PBXNativeTarget;
			buildConfigurationList = AA6880E4230A75DA0040F133 /* Build configuration list for PBXNativeTarget "UIPickerView的使用Tests" */;
			buildPhases = (
				AA6880C9230A75DA0040F133 /* Sources */,
				AA6880CA230A75DA0040F133 /* Frameworks */,
				AA6880CB230A75DA0040F133 /* Resources */,
			);
			buildRules = (
			);
			dependencies = (
				AA6880CF230A75DA0040F133 /* PBXTargetDependency */,
			);
			name = "UIPickerView的使用Tests";
			productName = "UIPickerView的使用Tests";
			productReference = AA6880CD230A75DA0040F133 /* UIPickerView的使用Tests.xctest */;
			productType = "com.apple.product-type.bundle.unit-test";
		};
		AA6880D7230A75DA0040F133 /* UIPickerView的使用UITests */ = {
			isa = PBXNativeTarget;
			buildConfigurationList = AA6880E7230A75DA0040F133 /* Build configuration list for PBXNativeTarget "UIPickerView的使用UITests" */;
			buildPhases = (
				AA6880D4230A75DA0040F133 /* Sources */,
				AA6880D5230A75DA0040F133 /* Frameworks */,
				AA6880D6230A75DA0040F133 /* Resources */,
			);
			buildRules = (
			);
			dependencies = (
				AA6880DA230A75DA0040F133 /* PBXTargetDependency */,
			);
			name = "UIPickerView的使用UITests";
			productName = "UIPickerView的使用UITests";
			productReference = AA6880D8230A75DA0040F133 /* UIPickerView的使用UITests.xctest */;
			productType = "com.apple.product-type.bundle.ui-testing";
		};
/* End PBXNativeTarget section */

/* Begin PBXProject section */
		AA6880AD230A75D90040F133 /* Project object */ = {
			isa = PBXProject;
			attributes = {
				LastUpgradeCheck = 1030;
				ORGANIZATIONNAME = "刘金萌";
				TargetAttributes = {
					AA6880B4230A75D90040F133 = {
						CreatedOnToolsVersion = 10.3;
					};
					AA6880CC230A75DA0040F133 = {
						CreatedOnToolsVersion = 10.3;
						TestTargetID = AA6880B4230A75D90040F133;
					};
					AA6880D7230A75DA0040F133 = {
						CreatedOnToolsVersion = 10.3;
						TestTargetID = AA6880B4230A75D90040F133;
					};
				};
			};
			buildConfigurationList = AA6880B0230A75D90040F133 /* Build configuration list for PBXProject "UIPickerView的使用" */;
			compatibilityVersion = "Xcode 9.3";
			developmentRegion = en;
			hasScannedForEncodings = 0;
			knownRegions = (
				en,
				Base,
			);
			mainGroup = AA6880AC230A75D90040F133;
			productRefGroup = AA6880B6230A75D90040F133 /* Products */;
			projectDirPath = "";
			projectRoot = "";
			targets = (
				AA6880B4230A75D90040F133 /* UIPickerView的使用 */,
				AA6880CC230A75DA0040F133 /* UIPickerView的使用Tests */,
				AA6880D7230A75DA0040F133 /* UIPickerView的使用UITests */,
			);
		};
/* End PBXProject section */

/* Begin PBXResourcesBuildPhase section */
		AA6880B3230A75D90040F133 /* Resources */ = {
			isa = PBXResourcesBuildPhase;
			buildActionMask = 2147483647;
			files = (
				AA6880C5230A75DA0040F133 /* LaunchScreen.storyboard in Resources */,
				AA6880C2230A75DA0040F133 /* Assets.xcassets in Resources */,
				AA6880C0230A75D90040F133 /* Main.storyboard in Resources */,
			);
			runOnlyForDeploymentPostprocessing = 0;
		};
		AA6880CB230A75DA0040F133 /* Resources */ = {
			isa = PBXResourcesBuildPhase;
			buildActionMask = 2147483647;
			files = (
			);
			runOnlyForDeploymentPostprocessing = 0;
		};
		AA6880D6230A75DA0040F133 /* Resources */ = {
			isa = PBXResourcesBuildPhase;
			buildActionMask = 2147483647;
			files = (
			);
			runOnlyForDeploymentPostprocessing = 0;
		};
/* End PBXResourcesBuildPhase section */

/* Begin PBXSourcesBuildPhase section */
		AA6880B1230A75D90040F133 /* Sources */ = {
			isa = PBXSourcesBuildPhase;
			buildActionMask = 2147483647;
			files = (
				AA6880BD230A75D90040F133 /* ViewController.m in Sources */,
				AA6880C8230A75DA0040F133 /* main.m in Sources */,
				AA6880BA230A75D90040F133 /* AppDelegate.m in Sources */,
			);
			runOnlyForDeploymentPostprocessing = 0;
		};
		AA6880C9230A75DA0040F133 /* Sources */ = {
			isa = PBXSourcesBuildPhase;
			buildActionMask = 2147483647;
			files = (
				AA6880D2230A75DA0040F133 /* UIPickerView___Tests.m in Sources */,
			);
			runOnlyForDeploymentPostprocessing = 0;
		};
		AA6880D4230A75DA0040F133 /* Sources */ = {
			isa = PBXSourcesBuildPhase;
			buildActionMask = 2147483647;
			files = (
				AA6880DD230A75DA0040F133 /* UIPickerView___UITests.m in Sources */,
			);
			runOnlyForDeploymentPostprocessing = 0;
		};
/* End PBXSourcesBuildPhase section */

/* Begin PBXTargetDependency section */
		AA6880CF230A75DA0040F133 /* PBXTargetDependency */ = {
			isa = PBXTargetDependency;
			target = AA6880B4230A75D90040F133 /* UIPickerView的使用 */;
			targetProxy = AA6880CE230A75DA0040F133 /* PBXContainerItemProxy */;
		};
		AA6880DA230A75DA0040F133 /* PBXTargetDependency */ = {
			isa = PBXTargetDependency;
			target = AA6880B4230A75D90040F133 /* UIPickerView的使用 */;
			targetProxy = AA6880D9230A75DA0040F133 /* PBXContainerItemProxy */;
		};
/* End PBXTargetDependency section */

/* Begin PBXVariantGroup section */
		AA6880BE230A75D90040F133 /* Main.storyboard */ = {
			isa = PBXVariantGroup;
			children = (
				AA6880BF230A75D90040F133 /* Base */,
			);
			name = Main.storyboard;
			sourceTree = "<group>";
		};
		AA6880C3230A75DA0040F133 /* LaunchScreen.storyboard */ = {
			isa = PBXVariantGroup;
			children = (
				AA6880C4230A75DA0040F133 /* Base */,
			);
			name = LaunchScreen.storyboard;
			sourceTree = "<group>";
		};
/* End PBXVariantGroup section */

/* Begin XCBuildConfiguration section */
		AA6880DF230A75DA0040F133 /* Debug */ = {
			isa = XCBuildConfiguration;
			buildSettings = {
				ALWAYS_SEARCH_USER_PATHS = NO;
				CLANG_ANALYZER_NONNULL = YES;
				CLANG_ANALYZER_NUMBER_OBJECT_CONVERSION = YES_AGGRESSIVE;
				CLANG_CXX_LANGUAGE_STANDARD = "gnu++14";
				CLANG_CXX_LIBRARY = "libc++";
				CLANG_ENABLE_MODULES = YES;
				CLANG_ENABLE_OBJC_ARC = YES;
				CLANG_ENABLE_OBJC_WEAK = YES;
				CLANG_WARN_BLOCK_CAPTURE_AUTORELEASING = YES;
				CLANG_WARN_BOOL_CONVERSION = YES;
				CLANG_WARN_COMMA = YES;
				CLANG_WARN_CONSTANT_CONVERSION = YES;
				CLANG_WARN_DEPRECATED_OBJC_IMPLEMENTATIONS = YES;
				CLANG_WARN_DIRECT_OBJC_ISA_USAGE = YES_ERROR;
				CLANG_WARN_DOCUMENTATION_COMMENTS = YES;
				CLANG_WARN_EMPTY_BODY = YES;
				CLANG_WARN_ENUM_CONVERSION = YES;
				CLANG_WARN_INFINITE_RECURSION = YES;
				CLANG_WARN_INT_CONVERSION = YES;
				CLANG_WARN_NON_LITERAL_NULL_CONVERSION = YES;
				CLANG_WARN_OBJC_IMPLICIT_RETAIN_SELF = YES;
				CLANG_WARN_OBJC_LITERAL_CONVERSION = YES;
				CLANG_WARN_OBJC_ROOT_CLASS = YES_ERROR;
				CLANG_WARN_RANGE_LOOP_ANALYSIS = YES;
				CLANG_WARN_STRICT_PROTOTYPES = YES;
				CLANG_WARN_SUSPICIOUS_MOVE = YES;
				CLANG_WARN_UNGUARDED_AVAILABILITY = YES_AGGRESSIVE;
				CLANG_WARN_UNREACHABLE_CODE = YES;
				CLANG_WARN__DUPLICATE_METHOD_MATCH = YES;
				CODE_SIGN_IDENTITY = "iPhone Developer";
				COPY_PHASE_STRIP = NO;
				DEBUG_INFORMATION_FORMAT = dwarf;
				ENABLE_STRICT_OBJC_MSGSEND = YES;
				ENABLE_TESTABILITY = YES;
				GCC_C_LANGUAGE_STANDARD = gnu11;
				GCC_DYNAMIC_NO_PIC = NO;
				GCC_NO_COMMON_BLOCKS = YES;
				GCC_OPTIMIZATION_LEVEL = 0;
				GCC_PREPROCESSOR_DEFINITIONS = (
					"DEBUG=1",
					"$(inherited)",
				);
				GCC_WARN_64_TO_32_BIT_CONVERSION = YES;
				GCC_WARN_ABOUT_RETURN_TYPE = YES_ERROR;
				GCC_WARN_UNDECLARED_SELECTOR = YES;
				GCC_WARN_UNINITIALIZED_AUTOS = YES_AGGRESSIVE;
				GCC_WARN_UNUSED_FUNCTION = YES;
				GCC_WARN_UNUSED_VARIABLE = YES;
				IPHONEOS_DEPLOYMENT_TARGET = 12.4;
				MTL_ENABLE_DEBUG_INFO = INCLUDE_SOURCE;
				MTL_FAST_MATH = YES;
				ONLY_ACTIVE_ARCH = YES;
				SDKROOT = iphoneos;
			};
			name = Debug;
		};
		AA6880E0230A75DA0040F133 /* Release */ = {
			isa = XCBuildConfiguration;
			buildSettings = {
				ALWAYS_SEARCH_USER_PATHS = NO;
				CLANG_ANALYZER_NONNULL = YES;
				CLANG_ANALYZER_NUMBER_OBJECT_CONVERSION = YES_AGGRESSIVE;
				CLANG_CXX_LANGUAGE_STANDARD = "gnu++14";
				CLANG_CXX_LIBRARY = "libc++";
				CLANG_ENABLE_MODULES = YES;
				CLANG_ENABLE_OBJC_ARC = YES;
				CLANG_ENABLE_OBJC_WEAK = YES;
				CLANG_WARN_BLOCK_CAPTURE_AUTORELEASING = YES;
				CLANG_WARN_BOOL_CONVERSION = YES;
				CLANG_WARN_COMMA = YES;
				CLANG_WARN_CONSTANT_CONVERSION = YES;
				CLANG_WARN_DEPRECATED_OBJC_IMPLEMENTATIONS = YES;
				CLANG_WARN_DIRECT_OBJC_ISA_USAGE = YES_ERROR;
				CLANG_WARN_DOCUMENTATION_COMMENTS = YES;
				CLANG_WARN_EMPTY_BODY = YES;
				CLANG_WARN_ENUM_CONVERSION = YES;
				CLANG_WARN_INFINITE_RECURSION = YES;
				CLANG_WARN_INT_CONVERSION = YES;
				CLANG_WARN_NON_LITERAL_NULL_CONVERSION = YES;
				CLANG_WARN_OBJC_IMPLICIT_RETAIN_SELF = YES;
				CLANG_WARN_OBJC_LITERAL_CONVERSION = YES;
				CLANG_WARN_OBJC_ROOT_CLASS = YES_ERROR;
				CLANG_WARN_RANGE_LOOP_ANALYSIS = YES;
				CLANG_WARN_STRICT_PROTOTYPES = YES;
				CLANG_WARN_SUSPICIOUS_MOVE = YES;
				CLANG_WARN_UNGUARDED_AVAILABILITY = YES_AGGRESSIVE;
				CLANG_WARN_UNREACHABLE_CODE = YES;
				CLANG_WARN__DUPLICATE_METHOD_MATCH = YES;
				CODE_SIGN_IDENTITY = "iPhone Developer";
				COPY_PHASE_STRIP = NO;
				DEBUG_INFORMATION_FORMAT = "dwarf-with-dsym";
				ENABLE_NS_ASSERTIONS = NO;
				ENABLE_STRICT_OBJC_MSGSEND = YES;
				GCC_C_LANGUAGE_STANDARD = gnu11;
				GCC_NO_COMMON_BLOCKS = YES;
				GCC_WARN_64_TO_32_BIT_CONVERSION = YES;
				GCC_WARN_ABOUT_RETURN_TYPE = YES_ERROR;
				GCC_WARN_UNDECLARED_SELECTOR = YES;
				GCC_WARN_UNINITIALIZED_AUTOS = YES_AGGRESSIVE;
				GCC_WARN_UNUSED_FUNCTION = YES;
				GCC_WARN_UNUSED_VARIABLE = YES;
				IPHONEOS_DEPLOYMENT_TARGET = 12.4;
				MTL_ENABLE_DEBUG_INFO = NO;
				MTL_FAST_MATH = YES;
				SDKROOT = iphoneos;
				VALIDATE_PRODUCT = YES;
			};
			name = Release;
		};
		AA6880E2230A75DA0040F133 /* Debug */ = {
			isa = XCBuildConfiguration;
			buildSettings = {
				ASSETCATALOG_COMPILER_APPICON_NAME = AppIcon;
				CODE_SIGN_STYLE = Automatic;
				DEVELOPMENT_TEAM = 83RGGAXFN4;
				INFOPLIST_FILE = "UIPickerView的使用/Info.plist";
				LD_RUNPATH_SEARCH_PATHS = (
					"$(inherited)",
					"@executable_path/Frameworks",
				);
				PRODUCT_BUNDLE_IDENTIFIER = "liujinmeng.UIPickerView---";
				PRODUCT_NAME = "$(TARGET_NAME)";
				TARGETED_DEVICE_FAMILY = "1,2";
			};
			name = Debug;
		};
		AA6880E3230A75DA0040F133 /* Release */ = {
			isa = XCBuildConfiguration;
			buildSettings = {
				ASSETCATALOG_COMPILER_APPICON_NAME = AppIcon;
				CODE_SIGN_STYLE = Automatic;
				DEVELOPMENT_TEAM = 83RGGAXFN4;
				INFOPLIST_FILE = "UIPickerView的使用/Info.plist";
				LD_RUNPATH_SEARCH_PATHS = (
					"$(inherited)",
					"@executable_path/Frameworks",
				);
				PRODUCT_BUNDLE_IDENTIFIER = "liujinmeng.UIPickerView---";
				PRODUCT_NAME = "$(TARGET_NAME)";
				TARGETED_DEVICE_FAMILY = "1,2";
			};
			name = Release;
		};
		AA6880E5230A75DA0040F133 /* Debug */ = {
			isa = XCBuildConfiguration;
			buildSettings = {
				BUNDLE_LOADER = "$(TEST_HOST)";
				CODE_SIGN_STYLE = Automatic;
				DEVELOPMENT_TEAM = 83RGGAXFN4;
				INFOPLIST_FILE = "UIPickerView的使用Tests/Info.plist";
				LD_RUNPATH_SEARCH_PATHS = (
					"$(inherited)",
					"@executable_path/Frameworks",
					"@loader_path/Frameworks",
				);
				PRODUCT_BUNDLE_IDENTIFIER = "liujinmeng.UIPickerView---Tests";
				PRODUCT_NAME = "$(TARGET_NAME)";
				TARGETED_DEVICE_FAMILY = "1,2";
				TEST_HOST = "$(BUILT_PRODUCTS_DIR)/UIPickerView的使用.app/UIPickerView的使用";
			};
			name = Debug;
		};
		AA6880E6230A75DA0040F133 /* Release */ = {
			isa = XCBuildConfiguration;
			buildSettings = {
				BUNDLE_LOADER = "$(TEST_HOST)";
				CODE_SIGN_STYLE = Automatic;
				DEVELOPMENT_TEAM = 83RGGAXFN4;
				INFOPLIST_FILE = "UIPickerView的使用Tests/Info.plist";
				LD_RUNPATH_SEARCH_PATHS = (
					"$(inherited)",
					"@executable_path/Frameworks",
					"@loader_path/Frameworks",
				);
				PRODUCT_BUNDLE_IDENTIFIER = "liujinmeng.UIPickerView---Tests";
				PRODUCT_NAME = "$(TARGET_NAME)";
				TARGETED_DEVICE_FAMILY = "1,2";
				TEST_HOST = "$(BUILT_PRODUCTS_DIR)/UIPickerView的使用.app/UIPickerView的使用";
			};
			name = Release;
		};
		AA6880E8230A75DA0040F133 /* Debug */ = {
			isa = XCBuildConfiguration;
			buildSettings = {
				CODE_SIGN_STYLE = Automatic;
				DEVELOPMENT_TEAM = 83RGGAXFN4;
				INFOPLIST_FILE = "UIPickerView的使用UITests/Info.plist";
				LD_RUNPATH_SEARCH_PATHS = (
					"$(inherited)",
					"@executable_path/Frameworks",
					"@loader_path/Frameworks",
				);
				PRODUCT_BUNDLE_IDENTIFIER = "liujinmeng.UIPickerView---UITests";
				PRODUCT_NAME = "$(TARGET_NAME)";
				TARGETED_DEVICE_FAMILY = "1,2";
				TEST_TARGET_NAME = "UIPickerView的使用";
			};
			name = Debug;
		};
		AA6880E9230A75DA0040F133 /* Release */ = {
			isa = XCBuildConfiguration;
			buildSettings = {
				CODE_SIGN_STYLE = Automatic;
				DEVELOPMENT_TEAM = 83RGGAXFN4;
				INFOPLIST_FILE = "UIPickerView的使用UITests/Info.plist";
				LD_RUNPATH_SEARCH_PATHS = (
					"$(inherited)",
					"@executable_path/Frameworks",
					"@loader_path/Frameworks",
				);
				PRODUCT_BUNDLE_IDENTIFIER = "liujinmeng.UIPickerView---UITests";
				PRODUCT_NAME = "$(TARGET_NAME)";
				TARGETED_DEVICE_FAMILY = "1,2";
				TEST_TARGET_NAME = "UIPickerView的使用";
			};
			name = Release;
		};
/* End XCBuildConfiguration section */

/* Begin XCConfigurationList section */
		AA6880B0230A75D90040F133 /* Build configuration list for PBXProject "UIPickerView的使用" */ = {
			isa = XCConfigurationList;
			buildConfigurations = (
				AA6880DF230A75DA0040F133 /* Debug */,
				AA6880E0230A75DA0040F133 /* Release */,
			);
			defaultConfigurationIsVisible = 0;
			defaultConfigurationName = Release;
		};
		AA6880E1230A75DA0040F133 /* Build configuration list for PBXNativeTarget "UIPickerView的使用" */ = {
			isa = XCConfigurationList;
			buildConfigurations = (
				AA6880E2230A75DA0040F133 /* Debug */,
				AA6880E3230A75DA0040F133 /* Release */,
			);
			defaultConfigurationIsVisible = 0;
			defaultConfigurationName = Release;
		};
		AA6880E4230A75DA0040F133 /* Build configuration list for PBXNativeTarget "UIPickerView的使用Tests" */ = {
			isa = XCConfigurationList;
			buildConfigurations = (
				AA6880E5230A75DA0040F133 /* Debug */,
				AA6880E6230A75DA0040F133 /* Release */,
			);
			defaultConfigurationIsVisible = 0;
			defaultConfigurationName = Release;
		};
		AA6880E7230A75DA0040F133 /* Build configuration list for PBXNativeTarget "UIPickerView的使用UITests" */ = {
			isa = XCConfigurationList;
			buildConfigurations = (
				AA6880E8230A75DA0040F133 /* Debug */,
				AA6880E9230A75DA0040F133 /* Release */,
			);
			defaultConfigurationIsVisible = 0;
			defaultConfigurationName = Release;
		};
/* End XCConfigurationList section */
	};
	rootObject = AA6880AD230A75D90040F133 /* Project object */;
}
