// !$*UTF8*$!
{
	archiveVersion = 1;
	classes = {
	};
	objectVersion = 50;
	objects = {

/* Begin PBXBuildFile section */
		AA6E94A4230E7E2A00437A3A /* AppDelegate.m in Sources */ = {isa = PBXBuildFile; fileRef = AA6E94A3230E7E2A00437A3A /* AppDelegate.m */; };
		AA6E94A7230E7E2A00437A3A /* ViewController.m in Sources */ = {isa = PBXBuildFile; fileRef = AA6E94A6230E7E2A00437A3A /* ViewController.m */; };
		AA6E94AA230E7E2A00437A3A /* Main.storyboard in Resources */ = {isa = PBXBuildFile; fileRef = AA6E94A8230E7E2A00437A3A /* Main.storyboard */; };
		AA6E94AC230E7E2B00437A3A /* Assets.xcassets in Resources */ = {isa = PBXBuildFile; fileRef = AA6E94AB230E7E2B00437A3A /* Assets.xcassets */; };
		AA6E94AF230E7E2B00437A3A /* LaunchScreen.storyboard in Resources */ = {isa = PBXBuildFile; fileRef = AA6E94AD230E7E2B00437A3A /* LaunchScreen.storyboard */; };
		AA6E94B2230E7E2B00437A3A /* main.m in Sources */ = {isa = PBXBuildFile; fileRef = AA6E94B1230E7E2B00437A3A /* main.m */; };
		AA6E94BC230E7E2B00437A3A /* UITableViewController___Tests.m in Sources */ = {isa = PBXBuildFile; fileRef = AA6E94BB230E7E2B00437A3A /* UITableViewController___Tests.m */; };
		AA6E94C7230E7E2B00437A3A /* UITableViewController___UITests.m in Sources */ = {isa = PBXBuildFile; fileRef = AA6E94C6230E7E2B00437A3A /* UITableViewController___UITests.m */; };
/* End PBXBuildFile section */

/* Begin PBXContainerItemProxy section */
		AA6E94B8230E7E2B00437A3A /* PBXContainerItemProxy */ = {
			isa = PBXContainerItemProxy;
			containerPortal = AA6E9497230E7E2A00437A3A /* Project object */;
			proxyType = 1;
			remoteGlobalIDString = AA6E949E230E7E2A00437A3A;
			remoteInfo = "UITableViewController的使用";
		};
		AA6E94C3230E7E2B00437A3A /* PBXContainerItemProxy */ = {
			isa = PBXContainerItemProxy;
			containerPortal = AA6E9497230E7E2A00437A3A /* Project object */;
			proxyType = 1;
			remoteGlobalIDString = AA6E949E230E7E2A00437A3A;
			remoteInfo = "UITableViewController的使用";
		};
/* End PBXContainerItemProxy section */

/* Begin PBXFileReference section */
		AA6E949F230E7E2A00437A3A /* UITableViewController的使用.app */ = {isa = PBXFileReference; explicitFileType = wrapper.application; includeInIndex = 0; path = "UITableViewController的使用.app"; sourceTree = BUILT_PRODUCTS_DIR; };
		AA6E94A2230E7E2A00437A3A /* AppDelegate.h */ = {isa = PBXFileReference; lastKnownFileType = sourcecode.c.h; path = AppDelegate.h; sourceTree = "<group>"; };
		AA6E94A3230E7E2A00437A3A /* AppDelegate.m */ = {isa = PBXFileReference; lastKnownFileType = sourcecode.c.objc; path = AppDelegate.m; sourceTree = "<group>"; };
		AA6E94A5230E7E2A00437A3A /* ViewController.h */ = {isa = PBXFileReference; lastKnownFileType = sourcecode.c.h; path = ViewController.h; sourceTree = "<group>"; };
		AA6E94A6230E7E2A00437A3A /* ViewController.m */ = {isa = PBXFileReference; lastKnownFileType = sourcecode.c.objc; path = ViewController.m; sourceTree = "<group>"; };
		AA6E94A9230E7E2A00437A3A /* Base */ = {isa = PBXFileReference; lastKnownFileType = file.storyboard; name = Base; path = Base.lproj/Main.storyboard; sourceTree = "<group>"; };
		AA6E94AB230E7E2B00437A3A /* Assets.xcassets */ = {isa = PBXFileReference; lastKnownFileType = folder.assetcatalog; path = Assets.xcassets; sourceTree = "<group>"; };
		AA6E94AE230E7E2B00437A3A /* Base */ = {isa = PBXFileReference; lastKnownFileType = file.storyboard; name = Base; path = Base.lproj/LaunchScreen.storyboard; sourceTree = "<group>"; };
		AA6E94B0230E7E2B00437A3A /* Info.plist */ = {isa = PBXFileReference; lastKnownFileType = text.plist.xml; path = Info.plist; sourceTree = "<group>"; };
		AA6E94B1230E7E2B00437A3A /* main.m */ = {isa = PBXFileReference; lastKnownFileType = sourcecode.c.objc; path = main.m; sourceTree = "<group>"; };
		AA6E94B7230E7E2B00437A3A /* UITableViewController的使用Tests.xctest */ = {isa = PBXFileReference; explicitFileType = wrapper.cfbundle; includeInIndex = 0; path = "UITableViewController的使用Tests.xctest"; sourceTree = BUILT_PRODUCTS_DIR; };
		AA6E94BB230E7E2B00437A3A /* UITableViewController___Tests.m */ = {isa = PBXFileReference; lastKnownFileType = sourcecode.c.objc; path = "UITableViewController___Tests.m"; sourceTree = "<group>"; };
		AA6E94BD230E7E2B00437A3A /* Info.plist */ = {isa = PBXFileReference; lastKnownFileType = text.plist.xml; path = Info.plist; sourceTree = "<group>"; };
		AA6E94C2230E7E2B00437A3A /* UITableViewController的使用UITests.xctest */ = {isa = PBXFileReference; explicitFileType = wrapper.cfbundle; includeInIndex = 0; path = "UITableViewController的使用UITests.xctest"; sourceTree = BUILT_PRODUCTS_DIR; };
		AA6E94C6230E7E2B00437A3A /* UITableViewController___UITests.m */ = {isa = PBXFileReference; lastKnownFileType = sourcecode.c.objc; path = "UITableViewController___UITests.m"; sourceTree = "<group>"; };
		AA6E94C8230E7E2B00437A3A /* Info.plist */ = {isa = PBXFileReference; lastKnownFileType = text.plist.xml; path = Info.plist; sourceTree = "<group>"; };
/* End PBXFileReference section */

/* Begin PBXFrameworksBuildPhase section */
		AA6E949C230E7E2A00437A3A /* Frameworks */ = {
			isa = PBXFrameworksBuildPhase;
			buildActionMask = 2147483647;
			files = (
			);
			runOnlyForDeploymentPostprocessing = 0;
		};
		AA6E94B4230E7E2B00437A3A /* Frameworks */ = {
			isa = PBXFrameworksBuildPhase;
			buildActionMask = 2147483647;
			files = (
			);
			runOnlyForDeploymentPostprocessing = 0;
		};
		AA6E94BF230E7E2B00437A3A /* Frameworks */ = {
			isa = PBXFrameworksBuildPhase;
			buildActionMask = 2147483647;
			files = (
			);
			runOnlyForDeploymentPostprocessing = 0;
		};
/* End PBXFrameworksBuildPhase section */

/* Begin PBXGroup section */
		AA6E9496230E7E2A00437A3A = {
			isa = PBXGroup;
			children = (
				AA6E94A1230E7E2A00437A3A /* UITableViewController的使用 */,
				AA6E94BA230E7E2B00437A3A /* UITableViewController的使用Tests */,
				AA6E94C5230E7E2B00437A3A /* UITableViewController的使用UITests */,
				AA6E94A0230E7E2A00437A3A /* Products */,
			);
			sourceTree = "<group>";
		};
		AA6E94A0230E7E2A00437A3A /* Products */ = {
			isa = PBXGroup;
			children = (
				AA6E949F230E7E2A00437A3A /* UITableViewController的使用.app */,
				AA6E94B7230E7E2B00437A3A /* UITableViewController的使用Tests.xctest */,
				AA6E94C2230E7E2B00437A3A /* UITableViewController的使用UITests.xctest */,
			);
			name = Products;
			sourceTree = "<group>";
		};
		AA6E94A1230E7E2A00437A3A /* UITableViewController的使用 */ = {
			isa = PBXGroup;
			children = (
				AA6E94A2230E7E2A00437A3A /* AppDelegate.h */,
				AA6E94A3230E7E2A00437A3A /* AppDelegate.m */,
				AA6E94A5230E7E2A00437A3A /* ViewController.h */,
				AA6E94A6230E7E2A00437A3A /* ViewController.m */,
				AA6E94A8230E7E2A00437A3A /* Main.storyboard */,
				AA6E94AB230E7E2B00437A3A /* Assets.xcassets */,
				AA6E94AD230E7E2B00437A3A /* LaunchScreen.storyboard */,
				AA6E94B0230E7E2B00437A3A /* Info.plist */,
				AA6E94B1230E7E2B00437A3A /* main.m */,
			);
			path = "UITableViewController的使用";
			sourceTree = "<group>";
		};
		AA6E94BA230E7E2B00437A3A /* UITableViewController的使用Tests */ = {
			isa = PBXGroup;
			children = (
				AA6E94BB230E7E2B00437A3A /* UITableViewController___Tests.m */,
				AA6E94BD230E7E2B00437A3A /* Info.plist */,
			);
			path = "UITableViewController的使用Tests";
			sourceTree = "<group>";
		};
		AA6E94C5230E7E2B00437A3A /* UITableViewController的使用UITests */ = {
			isa = PBXGroup;
			children = (
				AA6E94C6230E7E2B00437A3A /* UITableViewController___UITests.m */,
				AA6E94C8230E7E2B00437A3A /* Info.plist */,
			);
			path = "UITableViewController的使用UITests";
			sourceTree = "<group>";
		};
/* End PBXGroup section */

/* Begin PBXNativeTarget section */
		AA6E949E230E7E2A00437A3A /* UITableViewController的使用 */ = {
			isa = PBXNativeTarget;
			buildConfigurationList = AA6E94CB230E7E2B00437A3A /* Build configuration list for PBXNativeTarget "UITableViewController的使用" */;
			buildPhases = (
				AA6E949B230E7E2A00437A3A /* Sources */,
				AA6E949C230E7E2A00437A3A /* Frameworks */,
				AA6E949D230E7E2A00437A3A /* Resources */,
			);
			buildRules = (
			);
			dependencies = (
			);
			name = "UITableViewController的使用";
			productName = "UITableViewController的使用";
			productReference = AA6E949F230E7E2A00437A3A /* UITableViewController的使用.app */;
			productType = "com.apple.product-type.application";
		};
		AA6E94B6230E7E2B00437A3A /* UITableViewController的使用Tests */ = {
			isa = PBXNativeTarget;
			buildConfigurationList = AA6E94CE230E7E2B00437A3A /* Build configuration list for PBXNativeTarget "UITableViewController的使用Tests" */;
			buildPhases = (
				AA6E94B3230E7E2B00437A3A /* Sources */,
				AA6E94B4230E7E2B00437A3A /* Frameworks */,
				AA6E94B5230E7E2B00437A3A /* Resources */,
			);
			buildRules = (
			);
			dependencies = (
				AA6E94B9230E7E2B00437A3A /* PBXTargetDependency */,
			);
			name = "UITableViewController的使用Tests";
			productName = "UITableViewController的使用Tests";
			productReference = AA6E94B7230E7E2B00437A3A /* UITableViewController的使用Tests.xctest */;
			productType = "com.apple.product-type.bundle.unit-test";
		};
		AA6E94C1230E7E2B00437A3A /* UITableViewController的使用UITests */ = {
			isa = PBXNativeTarget;
			buildConfigurationList = AA6E94D1230E7E2B00437A3A /* Build configuration list for PBXNativeTarget "UITableViewController的使用UITests" */;
			buildPhases = (
				AA6E94BE230E7E2B00437A3A /* Sources */,
				AA6E94BF230E7E2B00437A3A /* Frameworks */,
				AA6E94C0230E7E2B00437A3A /* Resources */,
			);
			buildRules = (
			);
			dependencies = (
				AA6E94C4230E7E2B00437A3A /* PBXTargetDependency */,
			);
			name = "UITableViewController的使用UITests";
			productName = "UITableViewController的使用UITests";
			productReference = AA6E94C2230E7E2B00437A3A /* UITableViewController的使用UITests.xctest */;
			productType = "com.apple.product-type.bundle.ui-testing";
		};
/* End PBXNativeTarget section */

/* Begin PBXProject section */
		AA6E9497230E7E2A00437A3A /* Project object */ = {
			isa = PBXProject;
			attributes = {
				LastUpgradeCheck = 1030;
				ORGANIZATIONNAME = "刘金萌";
				TargetAttributes = {
					AA6E949E230E7E2A00437A3A = {
						CreatedOnToolsVersion = 10.3;
					};
					AA6E94B6230E7E2B00437A3A = {
						CreatedOnToolsVersion = 10.3;
						TestTargetID = AA6E949E230E7E2A00437A3A;
					};
					AA6E94C1230E7E2B00437A3A = {
						CreatedOnToolsVersion = 10.3;
						TestTargetID = AA6E949E230E7E2A00437A3A;
					};
				};
			};
			buildConfigurationList = AA6E949A230E7E2A00437A3A /* Build configuration list for PBXProject "UITableViewController的使用" */;
			compatibilityVersion = "Xcode 9.3";
			developmentRegion = en;
			hasScannedForEncodings = 0;
			knownRegions = (
				en,
				Base,
			);
			mainGroup = AA6E9496230E7E2A00437A3A;
			productRefGroup = AA6E94A0230E7E2A00437A3A /* Products */;
			projectDirPath = "";
			projectRoot = "";
			targets = (
				AA6E949E230E7E2A00437A3A /* UITableViewController的使用 */,
				AA6E94B6230E7E2B00437A3A /* UITableViewController的使用Tests */,
				AA6E94C1230E7E2B00437A3A /* UITableViewController的使用UITests */,
			);
		};
/* End PBXProject section */

/* Begin PBXResourcesBuildPhase section */
		AA6E949D230E7E2A00437A3A /* Resources */ = {
			isa = PBXResourcesBuildPhase;
			buildActionMask = 2147483647;
			files = (
				AA6E94AF230E7E2B00437A3A /* LaunchScreen.storyboard in Resources */,
				AA6E94AC230E7E2B00437A3A /* Assets.xcassets in Resources */,
				AA6E94AA230E7E2A00437A3A /* Main.storyboard in Resources */,
			);
			runOnlyForDeploymentPostprocessing = 0;
		};
		AA6E94B5230E7E2B00437A3A /* Resources */ = {
			isa = PBXResourcesBuildPhase;
			buildActionMask = 2147483647;
			files = (
			);
			runOnlyForDeploymentPostprocessing = 0;
		};
		AA6E94C0230E7E2B00437A3A /* Resources */ = {
			isa = PBXResourcesBuildPhase;
			buildActionMask = 2147483647;
			files = (
			);
			runOnlyForDeploymentPostprocessing = 0;
		};
/* End PBXResourcesBuildPhase section */

/* Begin PBXSourcesBuildPhase section */
		AA6E949B230E7E2A00437A3A /* Sources */ = {
			isa = PBXSourcesBuildPhase;
			buildActionMask = 2147483647;
			files = (
				AA6E94A7230E7E2A00437A3A /* ViewController.m in Sources */,
				AA6E94B2230E7E2B00437A3A /* main.m in Sources */,
				AA6E94A4230E7E2A00437A3A /* AppDelegate.m in Sources */,
			);
			runOnlyForDeploymentPostprocessing = 0;
		};
		AA6E94B3230E7E2B00437A3A /* Sources */ = {
			isa = PBXSourcesBuildPhase;
			buildActionMask = 2147483647;
			files = (
				AA6E94BC230E7E2B00437A3A /* UITableViewController___Tests.m in Sources */,
			);
			runOnlyForDeploymentPostprocessing = 0;
		};
		AA6E94BE230E7E2B00437A3A /* Sources */ = {
			isa = PBXSourcesBuildPhase;
			buildActionMask = 2147483647;
			files = (
				AA6E94C7230E7E2B00437A3A /* UITableViewController___UITests.m in Sources */,
			);
			runOnlyForDeploymentPostprocessing = 0;
		};
/* End PBXSourcesBuildPhase section */

/* Begin PBXTargetDependency section */
		AA6E94B9230E7E2B00437A3A /* PBXTargetDependency */ = {
			isa = PBXTargetDependency;
			target = AA6E949E230E7E2A00437A3A /* UITableViewController的使用 */;
			targetProxy = AA6E94B8230E7E2B00437A3A /* PBXContainerItemProxy */;
		};
		AA6E94C4230E7E2B00437A3A /* PBXTargetDependency */ = {
			isa = PBXTargetDependency;
			target = AA6E949E230E7E2A00437A3A /* UITableViewController的使用 */;
			targetProxy = AA6E94C3230E7E2B00437A3A /* PBXContainerItemProxy */;
		};
/* End PBXTargetDependency section */

/* Begin PBXVariantGroup section */
		AA6E94A8230E7E2A00437A3A /* Main.storyboard */ = {
			isa = PBXVariantGroup;
			children = (
				AA6E94A9230E7E2A00437A3A /* Base */,
			);
			name = Main.storyboard;
			sourceTree = "<group>";
		};
		AA6E94AD230E7E2B00437A3A /* LaunchScreen.storyboard */ = {
			isa = PBXVariantGroup;
			children = (
				AA6E94AE230E7E2B00437A3A /* Base */,
			);
			name = LaunchScreen.storyboard;
			sourceTree = "<group>";
		};
/* End PBXVariantGroup section */

/* Begin XCBuildConfiguration section */
		AA6E94C9230E7E2B00437A3A /* Debug */ = {
			isa = XCBuildConfiguration;
			buildSettings = {
				ALWAYS_SEARCH_USER_PATHS = NO;
				CLANG_ANALYZER_NONNULL = YES;
				CLANG_ANALYZER_NUMBER_OBJECT_CONVERSION = YES_AGGRESSIVE;
				CLANG_CXX_LANGUAGE_STANDARD = "gnu++14";
				CLANG_CXX_LIBRARY = "libc++";
				CLANG_ENABLE_MODULES = YES;
				CLANG_ENABLE_OBJC_ARC = YES;
				CLANG_ENABLE_OBJC_WEAK = YES;
				CLANG_WARN_BLOCK_CAPTURE_AUTORELEASING = YES;
				CLANG_WARN_BOOL_CONVERSION = YES;
				CLANG_WARN_COMMA = YES;
				CLANG_WARN_CONSTANT_CONVERSION = YES;
				CLANG_WARN_DEPRECATED_OBJC_IMPLEMENTATIONS = YES;
				CLANG_WARN_DIRECT_OBJC_ISA_USAGE = YES_ERROR;
				CLANG_WARN_DOCUMENTATION_COMMENTS = YES;
				CLANG_WARN_EMPTY_BODY = YES;
				CLANG_WARN_ENUM_CONVERSION = YES;
				CLANG_WARN_INFINITE_RECURSION = YES;
				CLANG_WARN_INT_CONVERSION = YES;
				CLANG_WARN_NON_LITERAL_NULL_CONVERSION = YES;
				CLANG_WARN_OBJC_IMPLICIT_RETAIN_SELF = YES;
				CLANG_WARN_OBJC_LITERAL_CONVERSION = YES;
				CLANG_WARN_OBJC_ROOT_CLASS = YES_ERROR;
				CLANG_WARN_RANGE_LOOP_ANALYSIS = YES;
				CLANG_WARN_STRICT_PROTOTYPES = YES;
				CLANG_WARN_SUSPICIOUS_MOVE = YES;
				CLANG_WARN_UNGUARDED_AVAILABILITY = YES_AGGRESSIVE;
				CLANG_WARN_UNREACHABLE_CODE = YES;
				CLANG_WARN__DUPLICATE_METHOD_MATCH = YES;
				CODE_SIGN_IDENTITY = "iPhone Developer";
				COPY_PHASE_STRIP = NO;
				DEBUG_INFORMATION_FORMAT = dwarf;
				ENABLE_STRICT_OBJC_MSGSEND = YES;
				ENABLE_TESTABILITY = YES;
				GCC_C_LANGUAGE_STANDARD = gnu11;
				GCC_DYNAMIC_NO_PIC = NO;
				GCC_NO_COMMON_BLOCKS = YES;
				GCC_OPTIMIZATION_LEVEL = 0;
				GCC_PREPROCESSOR_DEFINITIONS = (
					"DEBUG=1",
					"$(inherited)",
				);
				GCC_WARN_64_TO_32_BIT_CONVERSION = YES;
				GCC_WARN_ABOUT_RETURN_TYPE = YES_ERROR;
				GCC_WARN_UNDECLARED_SELECTOR = YES;
				GCC_WARN_UNINITIALIZED_AUTOS = YES_AGGRESSIVE;
				GCC_WARN_UNUSED_FUNCTION = YES;
				GCC_WARN_UNUSED_VARIABLE = YES;
				IPHONEOS_DEPLOYMENT_TARGET = 12.4;
				MTL_ENABLE_DEBUG_INFO = INCLUDE_SOURCE;
				MTL_FAST_MATH = YES;
				ONLY_ACTIVE_ARCH = YES;
				SDKROOT = iphoneos;
			};
			name = Debug;
		};
		AA6E94CA230E7E2B00437A3A /* Release */ = {
			isa = XCBuildConfiguration;
			buildSettings = {
				ALWAYS_SEARCH_USER_PATHS = NO;
				CLANG_ANALYZER_NONNULL = YES;
				CLANG_ANALYZER_NUMBER_OBJECT_CONVERSION = YES_AGGRESSIVE;
				CLANG_CXX_LANGUAGE_STANDARD = "gnu++14";
				CLANG_CXX_LIBRARY = "libc++";
				CLANG_ENABLE_MODULES = YES;
				CLANG_ENABLE_OBJC_ARC = YES;
				CLANG_ENABLE_OBJC_WEAK = YES;
				CLANG_WARN_BLOCK_CAPTURE_AUTORELEASING = YES;
				CLANG_WARN_BOOL_CONVERSION = YES;
				CLANG_WARN_COMMA = YES;
				CLANG_WARN_CONSTANT_CONVERSION = YES;
				CLANG_WARN_DEPRECATED_OBJC_IMPLEMENTATIONS = YES;
				CLANG_WARN_DIRECT_OBJC_ISA_USAGE = YES_ERROR;
				CLANG_WARN_DOCUMENTATION_COMMENTS = YES;
				CLANG_WARN_EMPTY_BODY = YES;
				CLANG_WARN_ENUM_CONVERSION = YES;
				CLANG_WARN_INFINITE_RECURSION = YES;
				CLANG_WARN_INT_CONVERSION = YES;
				CLANG_WARN_NON_LITERAL_NULL_CONVERSION = YES;
				CLANG_WARN_OBJC_IMPLICIT_RETAIN_SELF = YES;
				CLANG_WARN_OBJC_LITERAL_CONVERSION = YES;
				CLANG_WARN_OBJC_ROOT_CLASS = YES_ERROR;
				CLANG_WARN_RANGE_LOOP_ANALYSIS = YES;
				CLANG_WARN_STRICT_PROTOTYPES = YES;
				CLANG_WARN_SUSPICIOUS_MOVE = YES;
				CLANG_WARN_UNGUARDED_AVAILABILITY = YES_AGGRESSIVE;
				CLANG_WARN_UNREACHABLE_CODE = YES;
				CLANG_WARN__DUPLICATE_METHOD_MATCH = YES;
				CODE_SIGN_IDENTITY = "iPhone Developer";
				COPY_PHASE_STRIP = NO;
				DEBUG_INFORMATION_FORMAT = "dwarf-with-dsym";
				ENABLE_NS_ASSERTIONS = NO;
				ENABLE_STRICT_OBJC_MSGSEND = YES;
				GCC_C_LANGUAGE_STANDARD = gnu11;
				GCC_NO_COMMON_BLOCKS = YES;
				GCC_WARN_64_TO_32_BIT_CONVERSION = YES;
				GCC_WARN_ABOUT_RETURN_TYPE = YES_ERROR;
				GCC_WARN_UNDECLARED_SELECTOR = YES;
				GCC_WARN_UNINITIALIZED_AUTOS = YES_AGGRESSIVE;
				GCC_WARN_UNUSED_FUNCTION = YES;
				GCC_WARN_UNUSED_VARIABLE = YES;
				IPHONEOS_DEPLOYMENT_TARGET = 12.4;
				MTL_ENABLE_DEBUG_INFO = NO;
				MTL_FAST_MATH = YES;
				SDKROOT = iphoneos;
				VALIDATE_PRODUCT = YES;
			};
			name = Release;
		};
		AA6E94CC230E7E2B00437A3A /* Debug */ = {
			isa = XCBuildConfiguration;
			buildSettings = {
				ASSETCATALOG_COMPILER_APPICON_NAME = AppIcon;
				CODE_SIGN_STYLE = Automatic;
				DEVELOPMENT_TEAM = 83RGGAXFN4;
				INFOPLIST_FILE = "UITableViewController的使用/Info.plist";
				LD_RUNPATH_SEARCH_PATHS = (
					"$(inherited)",
					"@executable_path/Frameworks",
				);
				PRODUCT_BUNDLE_IDENTIFIER = "liujinmeng.UITableViewController---";
				PRODUCT_NAME = "$(TARGET_NAME)";
				TARGETED_DEVICE_FAMILY = "1,2";
			};
			name = Debug;
		};
		AA6E94CD230E7E2B00437A3A /* Release */ = {
			isa = XCBuildConfiguration;
			buildSettings = {
				ASSETCATALOG_COMPILER_APPICON_NAME = AppIcon;
				CODE_SIGN_STYLE = Automatic;
				DEVELOPMENT_TEAM = 83RGGAXFN4;
				INFOPLIST_FILE = "UITableViewController的使用/Info.plist";
				LD_RUNPATH_SEARCH_PATHS = (
					"$(inherited)",
					"@executable_path/Frameworks",
				);
				PRODUCT_BUNDLE_IDENTIFIER = "liujinmeng.UITableViewController---";
				PRODUCT_NAME = "$(TARGET_NAME)";
				TARGETED_DEVICE_FAMILY = "1,2";
			};
			name = Release;
		};
		AA6E94CF230E7E2B00437A3A /* Debug */ = {
			isa = XCBuildConfiguration;
			buildSettings = {
				BUNDLE_LOADER = "$(TEST_HOST)";
				CODE_SIGN_STYLE = Automatic;
				DEVELOPMENT_TEAM = 83RGGAXFN4;
				INFOPLIST_FILE = "UITableViewController的使用Tests/Info.plist";
				LD_RUNPATH_SEARCH_PATHS = (
					"$(inherited)",
					"@executable_path/Frameworks",
					"@loader_path/Frameworks",
				);
				PRODUCT_BUNDLE_IDENTIFIER = "liujinmeng.UITableViewController---Tests";
				PRODUCT_NAME = "$(TARGET_NAME)";
				TARGETED_DEVICE_FAMILY = "1,2";
				TEST_HOST = "$(BUILT_PRODUCTS_DIR)/UITableViewController的使用.app/UITableViewController的使用";
			};
			name = Debug;
		};
		AA6E94D0230E7E2B00437A3A /* Release */ = {
			isa = XCBuildConfiguration;
			buildSettings = {
				BUNDLE_LOADER = "$(TEST_HOST)";
				CODE_SIGN_STYLE = Automatic;
				DEVELOPMENT_TEAM = 83RGGAXFN4;
				INFOPLIST_FILE = "UITableViewController的使用Tests/Info.plist";
				LD_RUNPATH_SEARCH_PATHS = (
					"$(inherited)",
					"@executable_path/Frameworks",
					"@loader_path/Frameworks",
				);
				PRODUCT_BUNDLE_IDENTIFIER = "liujinmeng.UITableViewController---Tests";
				PRODUCT_NAME = "$(TARGET_NAME)";
				TARGETED_DEVICE_FAMILY = "1,2";
				TEST_HOST = "$(BUILT_PRODUCTS_DIR)/UITableViewController的使用.app/UITableViewController的使用";
			};
			name = Release;
		};
		AA6E94D2230E7E2B00437A3A /* Debug */ = {
			isa = XCBuildConfiguration;
			buildSettings = {
				CODE_SIGN_STYLE = Automatic;
				DEVELOPMENT_TEAM = 83RGGAXFN4;
				INFOPLIST_FILE = "UITableViewController的使用UITests/Info.plist";
				LD_RUNPATH_SEARCH_PATHS = (
					"$(inherited)",
					"@executable_path/Frameworks",
					"@loader_path/Frameworks",
				);
				PRODUCT_BUNDLE_IDENTIFIER = "liujinmeng.UITableViewController---UITests";
				PRODUCT_NAME = "$(TARGET_NAME)";
				TARGETED_DEVICE_FAMILY = "1,2";
				TEST_TARGET_NAME = "UITableViewController的使用";
			};
			name = Debug;
		};
		AA6E94D3230E7E2B00437A3A /* Release */ = {
			isa = XCBuildConfiguration;
			buildSettings = {
				CODE_SIGN_STYLE = Automatic;
				DEVELOPMENT_TEAM = 83RGGAXFN4;
				INFOPLIST_FILE = "UITableViewController的使用UITests/Info.plist";
				LD_RUNPATH_SEARCH_PATHS = (
					"$(inherited)",
					"@executable_path/Frameworks",
					"@loader_path/Frameworks",
				);
				PRODUCT_BUNDLE_IDENTIFIER = "liujinmeng.UITableViewController---UITests";
				PRODUCT_NAME = "$(TARGET_NAME)";
				TARGETED_DEVICE_FAMILY = "1,2";
				TEST_TARGET_NAME = "UITableViewController的使用";
			};
			name = Release;
		};
/* End XCBuildConfiguration section */

/* Begin XCConfigurationList section */
		AA6E949A230E7E2A00437A3A /* Build configuration list for PBXProject "UITableViewController的使用" */ = {
			isa = XCConfigurationList;
			buildConfigurations = (
				AA6E94C9230E7E2B00437A3A /* Debug */,
				AA6E94CA230E7E2B00437A3A /* Release */,
			);
			defaultConfigurationIsVisible = 0;
			defaultConfigurationName = Release;
		};
		AA6E94CB230E7E2B00437A3A /* Build configuration list for PBXNativeTarget "UITableViewController的使用" */ = {
			isa = XCConfigurationList;
			buildConfigurations = (
				AA6E94CC230E7E2B00437A3A /* Debug */,
				AA6E94CD230E7E2B00437A3A /* Release */,
			);
			defaultConfigurationIsVisible = 0;
			defaultConfigurationName = Release;
		};
		AA6E94CE230E7E2B00437A3A /* Build configuration list for PBXNativeTarget "UITableViewController的使用Tests" */ = {
			isa = XCConfigurationList;
			buildConfigurations = (
				AA6E94CF230E7E2B00437A3A /* Debug */,
				AA6E94D0230E7E2B00437A3A /* Release */,
			);
			defaultConfigurationIsVisible = 0;
			defaultConfigurationName = Release;
		};
		AA6E94D1230E7E2B00437A3A /* Build configuration list for PBXNativeTarget "UITableViewController的使用UITests" */ = {
			isa = XCConfigurationList;
			buildConfigurations = (
				AA6E94D2230E7E2B00437A3A /* Debug */,
				AA6E94D3230E7E2B00437A3A /* Release */,
			);
			defaultConfigurationIsVisible = 0;
			defaultConfigurationName = Release;
		};
/* End XCConfigurationList section */
	};
	rootObject = AA6E9497230E7E2A00437A3A /* Project object */;
}
