// !$*UTF8*$!
{
	archiveVersion = 1;
	classes = {
	};
	objectVersion = 50;
	objects = {

/* Begin PBXBuildFile section */
		AAAF79CB231A03D30033EE4B /* AppDelegate.m in Sources */ = {isa = PBXBuildFile; fileRef = AAAF79CA231A03D30033EE4B /* AppDelegate.m */; };
		AAAF79D1231A03D30033EE4B /* Main.storyboard in Resources */ = {isa = PBXBuildFile; fileRef = AAAF79CF231A03D30033EE4B /* Main.storyboard */; };
		AAAF79D3231A03D40033EE4B /* Assets.xcassets in Resources */ = {isa = PBXBuildFile; fileRef = AAAF79D2231A03D40033EE4B /* Assets.xcassets */; };
		AAAF79D6231A03D40033EE4B /* LaunchScreen.storyboard in Resources */ = {isa = PBXBuildFile; fileRef = AAAF79D4231A03D40033EE4B /* LaunchScreen.storyboard */; };
		AAAF79D9231A03D40033EE4B /* main.m in Sources */ = {isa = PBXBuildFile; fileRef = AAAF79D8231A03D40033EE4B /* main.m */; };
		AAAF79E3231A03D40033EE4B /* Wechat_StoryBoardTests.m in Sources */ = {isa = PBXBuildFile; fileRef = AAAF79E2231A03D40033EE4B /* Wechat_StoryBoardTests.m */; };
		AAAF79EE231A03D40033EE4B /* Wechat_StoryBoardUITests.m in Sources */ = {isa = PBXBuildFile; fileRef = AAAF79ED231A03D40033EE4B /* Wechat_StoryBoardUITests.m */; };
/* End PBXBuildFile section */

/* Begin PBXContainerItemProxy section */
		AAAF79DF231A03D40033EE4B /* PBXContainerItemProxy */ = {
			isa = PBXContainerItemProxy;
			containerPortal = AAAF79BE231A03D30033EE4B /* Project object */;
			proxyType = 1;
			remoteGlobalIDString = AAAF79C5231A03D30033EE4B;
			remoteInfo = "Wechat-StoryBoard";
		};
		AAAF79EA231A03D40033EE4B /* PBXContainerItemProxy */ = {
			isa = PBXContainerItemProxy;
			containerPortal = AAAF79BE231A03D30033EE4B /* Project object */;
			proxyType = 1;
			remoteGlobalIDString = AAAF79C5231A03D30033EE4B;
			remoteInfo = "Wechat-StoryBoard";
		};
/* End PBXContainerItemProxy section */

/* Begin PBXFileReference section */
		AAAF79C6231A03D30033EE4B /* Wechat-StoryBoard.app */ = {isa = PBXFileReference; explicitFileType = wrapper.application; includeInIndex = 0; path = "Wechat-StoryBoard.app"; sourceTree = BUILT_PRODUCTS_DIR; };
		AAAF79C9231A03D30033EE4B /* AppDelegate.h */ = {isa = PBXFileReference; lastKnownFileType = sourcecode.c.h; path = AppDelegate.h; sourceTree = "<group>"; };
		AAAF79CA231A03D30033EE4B /* AppDelegate.m */ = {isa = PBXFileReference; lastKnownFileType = sourcecode.c.objc; path = AppDelegate.m; sourceTree = "<group>"; };
		AAAF79D0231A03D30033EE4B /* Base */ = {isa = PBXFileReference; lastKnownFileType = file.storyboard; name = Base; path = Base.lproj/Main.storyboard; sourceTree = "<group>"; };
		AAAF79D2231A03D40033EE4B /* Assets.xcassets */ = {isa = PBXFileReference; lastKnownFileType = folder.assetcatalog; path = Assets.xcassets; sourceTree = "<group>"; };
		AAAF79D5231A03D40033EE4B /* Base */ = {isa = PBXFileReference; lastKnownFileType = file.storyboard; name = Base; path = Base.lproj/LaunchScreen.storyboard; sourceTree = "<group>"; };
		AAAF79D7231A03D40033EE4B /* Info.plist */ = {isa = PBXFileReference; lastKnownFileType = text.plist.xml; path = Info.plist; sourceTree = "<group>"; };
		AAAF79D8231A03D40033EE4B /* main.m */ = {isa = PBXFileReference; lastKnownFileType = sourcecode.c.objc; path = main.m; sourceTree = "<group>"; };
		AAAF79DE231A03D40033EE4B /* Wechat-StoryBoardTests.xctest */ = {isa = PBXFileReference; explicitFileType = wrapper.cfbundle; includeInIndex = 0; path = "Wechat-StoryBoardTests.xctest"; sourceTree = BUILT_PRODUCTS_DIR; };
		AAAF79E2231A03D40033EE4B /* Wechat_StoryBoardTests.m */ = {isa = PBXFileReference; lastKnownFileType = sourcecode.c.objc; path = Wechat_StoryBoardTests.m; sourceTree = "<group>"; };
		AAAF79E4231A03D40033EE4B /* Info.plist */ = {isa = PBXFileReference; lastKnownFileType = text.plist.xml; path = Info.plist; sourceTree = "<group>"; };
		AAAF79E9231A03D40033EE4B /* Wechat-StoryBoardUITests.xctest */ = {isa = PBXFileReference; explicitFileType = wrapper.cfbundle; includeInIndex = 0; path = "Wechat-StoryBoardUITests.xctest"; sourceTree = BUILT_PRODUCTS_DIR; };
		AAAF79ED231A03D40033EE4B /* Wechat_StoryBoardUITests.m */ = {isa = PBXFileReference; lastKnownFileType = sourcecode.c.objc; path = Wechat_StoryBoardUITests.m; sourceTree = "<group>"; };
		AAAF79EF231A03D40033EE4B /* Info.plist */ = {isa = PBXFileReference; lastKnownFileType = text.plist.xml; path = Info.plist; sourceTree = "<group>"; };
/* End PBXFileReference section */

/* Begin PBXFrameworksBuildPhase section */
		AAAF79C3231A03D30033EE4B /* Frameworks */ = {
			isa = PBXFrameworksBuildPhase;
			buildActionMask = 2147483647;
			files = (
			);
			runOnlyForDeploymentPostprocessing = 0;
		};
		AAAF79DB231A03D40033EE4B /* Frameworks */ = {
			isa = PBXFrameworksBuildPhase;
			buildActionMask = 2147483647;
			files = (
			);
			runOnlyForDeploymentPostprocessing = 0;
		};
		AAAF79E6231A03D40033EE4B /* Frameworks */ = {
			isa = PBXFrameworksBuildPhase;
			buildActionMask = 2147483647;
			files = (
			);
			runOnlyForDeploymentPostprocessing = 0;
		};
/* End PBXFrameworksBuildPhase section */

/* Begin PBXGroup section */
		AAAF79BD231A03D30033EE4B = {
			isa = PBXGroup;
			children = (
				AAAF79C8231A03D30033EE4B /* Wechat-StoryBoard */,
				AAAF79E1231A03D40033EE4B /* Wechat-StoryBoardTests */,
				AAAF79EC231A03D40033EE4B /* Wechat-StoryBoardUITests */,
				AAAF79C7231A03D30033EE4B /* Products */,
			);
			sourceTree = "<group>";
		};
		AAAF79C7231A03D30033EE4B /* Products */ = {
			isa = PBXGroup;
			children = (
				AAAF79C6231A03D30033EE4B /* Wechat-StoryBoard.app */,
				AAAF79DE231A03D40033EE4B /* Wechat-StoryBoardTests.xctest */,
				AAAF79E9231A03D40033EE4B /* Wechat-StoryBoardUITests.xctest */,
			);
			name = Products;
			sourceTree = "<group>";
		};
		AAAF79C8231A03D30033EE4B /* Wechat-StoryBoard */ = {
			isa = PBXGroup;
			children = (
				AAAF79C9231A03D30033EE4B /* AppDelegate.h */,
				AAAF79CA231A03D30033EE4B /* AppDelegate.m */,
				AAAF79CF231A03D30033EE4B /* Main.storyboard */,
				AAAF79D2231A03D40033EE4B /* Assets.xcassets */,
				AAAF79D4231A03D40033EE4B /* LaunchScreen.storyboard */,
				AAAF79D7231A03D40033EE4B /* Info.plist */,
				AAAF79D8231A03D40033EE4B /* main.m */,
			);
			path = "Wechat-StoryBoard";
			sourceTree = "<group>";
		};
		AAAF79E1231A03D40033EE4B /* Wechat-StoryBoardTests */ = {
			isa = PBXGroup;
			children = (
				AAAF79E2231A03D40033EE4B /* Wechat_StoryBoardTests.m */,
				AAAF79E4231A03D40033EE4B /* Info.plist */,
			);
			path = "Wechat-StoryBoardTests";
			sourceTree = "<group>";
		};
		AAAF79EC231A03D40033EE4B /* Wechat-StoryBoardUITests */ = {
			isa = PBXGroup;
			children = (
				AAAF79ED231A03D40033EE4B /* Wechat_StoryBoardUITests.m */,
				AAAF79EF231A03D40033EE4B /* Info.plist */,
			);
			path = "Wechat-StoryBoardUITests";
			sourceTree = "<group>";
		};
/* End PBXGroup section */

/* Begin PBXNativeTarget section */
		AAAF79C5231A03D30033EE4B /* Wechat-StoryBoard */ = {
			isa = PBXNativeTarget;
			buildConfigurationList = AAAF79F2231A03D40033EE4B /* Build configuration list for PBXNativeTarget "Wechat-StoryBoard" */;
			buildPhases = (
				AAAF79C2231A03D30033EE4B /* Sources */,
				AAAF79C3231A03D30033EE4B /* Frameworks */,
				AAAF79C4231A03D30033EE4B /* Resources */,
			);
			buildRules = (
			);
			dependencies = (
			);
			name = "Wechat-StoryBoard";
			productName = "Wechat-StoryBoard";
			productReference = AAAF79C6231A03D30033EE4B /* Wechat-StoryBoard.app */;
			productType = "com.apple.product-type.application";
		};
		AAAF79DD231A03D40033EE4B /* Wechat-StoryBoardTests */ = {
			isa = PBXNativeTarget;
			buildConfigurationList = AAAF79F5231A03D40033EE4B /* Build configuration list for PBXNativeTarget "Wechat-StoryBoardTests" */;
			buildPhases = (
				AAAF79DA231A03D40033EE4B /* Sources */,
				AAAF79DB231A03D40033EE4B /* Frameworks */,
				AAAF79DC231A03D40033EE4B /* Resources */,
			);
			buildRules = (
			);
			dependencies = (
				AAAF79E0231A03D40033EE4B /* PBXTargetDependency */,
			);
			name = "Wechat-StoryBoardTests";
			productName = "Wechat-StoryBoardTests";
			productReference = AAAF79DE231A03D40033EE4B /* Wechat-StoryBoardTests.xctest */;
			productType = "com.apple.product-type.bundle.unit-test";
		};
		AAAF79E8231A03D40033EE4B /* Wechat-StoryBoardUITests */ = {
			isa = PBXNativeTarget;
			buildConfigurationList = AAAF79F8231A03D40033EE4B /* Build configuration list for PBXNativeTarget "Wechat-StoryBoardUITests" */;
			buildPhases = (
				AAAF79E5231A03D40033EE4B /* Sources */,
				AAAF79E6231A03D40033EE4B /* Frameworks */,
				AAAF79E7231A03D40033EE4B /* Resources */,
			);
			buildRules = (
			);
			dependencies = (
				AAAF79EB231A03D40033EE4B /* PBXTargetDependency */,
			);
			name = "Wechat-StoryBoardUITests";
			productName = "Wechat-StoryBoardUITests";
			productReference = AAAF79E9231A03D40033EE4B /* Wechat-StoryBoardUITests.xctest */;
			productType = "com.apple.product-type.bundle.ui-testing";
		};
/* End PBXNativeTarget section */

/* Begin PBXProject section */
		AAAF79BE231A03D30033EE4B /* Project object */ = {
			isa = PBXProject;
			attributes = {
				LastUpgradeCheck = 1030;
				ORGANIZATIONNAME = "刘金萌";
				TargetAttributes = {
					AAAF79C5231A03D30033EE4B = {
						CreatedOnToolsVersion = 10.3;
					};
					AAAF79DD231A03D40033EE4B = {
						CreatedOnToolsVersion = 10.3;
						TestTargetID = AAAF79C5231A03D30033EE4B;
					};
					AAAF79E8231A03D40033EE4B = {
						CreatedOnToolsVersion = 10.3;
						TestTargetID = AAAF79C5231A03D30033EE4B;
					};
				};
			};
			buildConfigurationList = AAAF79C1231A03D30033EE4B /* Build configuration list for PBXProject "Wechat-StoryBoard" */;
			compatibilityVersion = "Xcode 9.3";
			developmentRegion = en;
			hasScannedForEncodings = 0;
			knownRegions = (
				en,
				Base,
			);
			mainGroup = AAAF79BD231A03D30033EE4B;
			productRefGroup = AAAF79C7231A03D30033EE4B /* Products */;
			projectDirPath = "";
			projectRoot = "";
			targets = (
				AAAF79C5231A03D30033EE4B /* Wechat-StoryBoard */,
				AAAF79DD231A03D40033EE4B /* Wechat-StoryBoardTests */,
				AAAF79E8231A03D40033EE4B /* Wechat-StoryBoardUITests */,
			);
		};
/* End PBXProject section */

/* Begin PBXResourcesBuildPhase section */
		AAAF79C4231A03D30033EE4B /* Resources */ = {
			isa = PBXResourcesBuildPhase;
			buildActionMask = 2147483647;
			files = (
				AAAF79D6231A03D40033EE4B /* LaunchScreen.storyboard in Resources */,
				AAAF79D3231A03D40033EE4B /* Assets.xcassets in Resources */,
				AAAF79D1231A03D30033EE4B /* Main.storyboard in Resources */,
			);
			runOnlyForDeploymentPostprocessing = 0;
		};
		AAAF79DC231A03D40033EE4B /* Resources */ = {
			isa = PBXResourcesBuildPhase;
			buildActionMask = 2147483647;
			files = (
			);
			runOnlyForDeploymentPostprocessing = 0;
		};
		AAAF79E7231A03D40033EE4B /* Resources */ = {
			isa = PBXResourcesBuildPhase;
			buildActionMask = 2147483647;
			files = (
			);
			runOnlyForDeploymentPostprocessing = 0;
		};
/* End PBXResourcesBuildPhase section */

/* Begin PBXSourcesBuildPhase section */
		AAAF79C2231A03D30033EE4B /* Sources */ = {
			isa = PBXSourcesBuildPhase;
			buildActionMask = 2147483647;
			files = (
				AAAF79D9231A03D40033EE4B /* main.m in Sources */,
				AAAF79CB231A03D30033EE4B /* AppDelegate.m in Sources */,
			);
			runOnlyForDeploymentPostprocessing = 0;
		};
		AAAF79DA231A03D40033EE4B /* Sources */ = {
			isa = PBXSourcesBuildPhase;
			buildActionMask = 2147483647;
			files = (
				AAAF79E3231A03D40033EE4B /* Wechat_StoryBoardTests.m in Sources */,
			);
			runOnlyForDeploymentPostprocessing = 0;
		};
		AAAF79E5231A03D40033EE4B /* Sources */ = {
			isa = PBXSourcesBuildPhase;
			buildActionMask = 2147483647;
			files = (
				AAAF79EE231A03D40033EE4B /* Wechat_StoryBoardUITests.m in Sources */,
			);
			runOnlyForDeploymentPostprocessing = 0;
		};
/* End PBXSourcesBuildPhase section */

/* Begin PBXTargetDependency section */
		AAAF79E0231A03D40033EE4B /* PBXTargetDependency */ = {
			isa = PBXTargetDependency;
			target = AAAF79C5231A03D30033EE4B /* Wechat-StoryBoard */;
			targetProxy = AAAF79DF231A03D40033EE4B /* PBXContainerItemProxy */;
		};
		AAAF79EB231A03D40033EE4B /* PBXTargetDependency */ = {
			isa = PBXTargetDependency;
			target = AAAF79C5231A03D30033EE4B /* Wechat-StoryBoard */;
			targetProxy = AAAF79EA231A03D40033EE4B /* PBXContainerItemProxy */;
		};
/* End PBXTargetDependency section */

/* Begin PBXVariantGroup section */
		AAAF79CF231A03D30033EE4B /* Main.storyboard */ = {
			isa = PBXVariantGroup;
			children = (
				AAAF79D0231A03D30033EE4B /* Base */,
			);
			name = Main.storyboard;
			sourceTree = "<group>";
		};
		AAAF79D4231A03D40033EE4B /* LaunchScreen.storyboard */ = {
			isa = PBXVariantGroup;
			children = (
				AAAF79D5231A03D40033EE4B /* Base */,
			);
			name = LaunchScreen.storyboard;
			sourceTree = "<group>";
		};
/* End PBXVariantGroup section */

/* Begin XCBuildConfiguration section */
		AAAF79F0231A03D40033EE4B /* Debug */ = {
			isa = XCBuildConfiguration;
			buildSettings = {
				ALWAYS_SEARCH_USER_PATHS = NO;
				CLANG_ANALYZER_NONNULL = YES;
				CLANG_ANALYZER_NUMBER_OBJECT_CONVERSION = YES_AGGRESSIVE;
				CLANG_CXX_LANGUAGE_STANDARD = "gnu++14";
				CLANG_CXX_LIBRARY = "libc++";
				CLANG_ENABLE_MODULES = YES;
				CLANG_ENABLE_OBJC_ARC = YES;
				CLANG_ENABLE_OBJC_WEAK = YES;
				CLANG_WARN_BLOCK_CAPTURE_AUTORELEASING = YES;
				CLANG_WARN_BOOL_CONVERSION = YES;
				CLANG_WARN_COMMA = YES;
				CLANG_WARN_CONSTANT_CONVERSION = YES;
				CLANG_WARN_DEPRECATED_OBJC_IMPLEMENTATIONS = YES;
				CLANG_WARN_DIRECT_OBJC_ISA_USAGE = YES_ERROR;
				CLANG_WARN_DOCUMENTATION_COMMENTS = YES;
				CLANG_WARN_EMPTY_BODY = YES;
				CLANG_WARN_ENUM_CONVERSION = YES;
				CLANG_WARN_INFINITE_RECURSION = YES;
				CLANG_WARN_INT_CONVERSION = YES;
				CLANG_WARN_NON_LITERAL_NULL_CONVERSION = YES;
				CLANG_WARN_OBJC_IMPLICIT_RETAIN_SELF = YES;
				CLANG_WARN_OBJC_LITERAL_CONVERSION = YES;
				CLANG_WARN_OBJC_ROOT_CLASS = YES_ERROR;
				CLANG_WARN_RANGE_LOOP_ANALYSIS = YES;
				CLANG_WARN_STRICT_PROTOTYPES = YES;
				CLANG_WARN_SUSPICIOUS_MOVE = YES;
				CLANG_WARN_UNGUARDED_AVAILABILITY = YES_AGGRESSIVE;
				CLANG_WARN_UNREACHABLE_CODE = YES;
				CLANG_WARN__DUPLICATE_METHOD_MATCH = YES;
				CODE_SIGN_IDENTITY = "iPhone Developer";
				COPY_PHASE_STRIP = NO;
				DEBUG_INFORMATION_FORMAT = dwarf;
				ENABLE_STRICT_OBJC_MSGSEND = YES;
				ENABLE_TESTABILITY = YES;
				GCC_C_LANGUAGE_STANDARD = gnu11;
				GCC_DYNAMIC_NO_PIC = NO;
				GCC_NO_COMMON_BLOCKS = YES;
				GCC_OPTIMIZATION_LEVEL = 0;
				GCC_PREPROCESSOR_DEFINITIONS = (
					"DEBUG=1",
					"$(inherited)",
				);
				GCC_WARN_64_TO_32_BIT_CONVERSION = YES;
				GCC_WARN_ABOUT_RETURN_TYPE = YES_ERROR;
				GCC_WARN_UNDECLARED_SELECTOR = YES;
				GCC_WARN_UNINITIALIZED_AUTOS = YES_AGGRESSIVE;
				GCC_WARN_UNUSED_FUNCTION = YES;
				GCC_WARN_UNUSED_VARIABLE = YES;
				IPHONEOS_DEPLOYMENT_TARGET = 12.4;
				MTL_ENABLE_DEBUG_INFO = INCLUDE_SOURCE;
				MTL_FAST_MATH = YES;
				ONLY_ACTIVE_ARCH = YES;
				SDKROOT = iphoneos;
			};
			name = Debug;
		};
		AAAF79F1231A03D40033EE4B /* Release */ = {
			isa = XCBuildConfiguration;
			buildSettings = {
				ALWAYS_SEARCH_USER_PATHS = NO;
				CLANG_ANALYZER_NONNULL = YES;
				CLANG_ANALYZER_NUMBER_OBJECT_CONVERSION = YES_AGGRESSIVE;
				CLANG_CXX_LANGUAGE_STANDARD = "gnu++14";
				CLANG_CXX_LIBRARY = "libc++";
				CLANG_ENABLE_MODULES = YES;
				CLANG_ENABLE_OBJC_ARC = YES;
				CLANG_ENABLE_OBJC_WEAK = YES;
				CLANG_WARN_BLOCK_CAPTURE_AUTORELEASING = YES;
				CLANG_WARN_BOOL_CONVERSION = YES;
				CLANG_WARN_COMMA = YES;
				CLANG_WARN_CONSTANT_CONVERSION = YES;
				CLANG_WARN_DEPRECATED_OBJC_IMPLEMENTATIONS = YES;
				CLANG_WARN_DIRECT_OBJC_ISA_USAGE = YES_ERROR;
				CLANG_WARN_DOCUMENTATION_COMMENTS = YES;
				CLANG_WARN_EMPTY_BODY = YES;
				CLANG_WARN_ENUM_CONVERSION = YES;
				CLANG_WARN_INFINITE_RECURSION = YES;
				CLANG_WARN_INT_CONVERSION = YES;
				CLANG_WARN_NON_LITERAL_NULL_CONVERSION = YES;
				CLANG_WARN_OBJC_IMPLICIT_RETAIN_SELF = YES;
				CLANG_WARN_OBJC_LITERAL_CONVERSION = YES;
				CLANG_WARN_OBJC_ROOT_CLASS = YES_ERROR;
				CLANG_WARN_RANGE_LOOP_ANALYSIS = YES;
				CLANG_WARN_STRICT_PROTOTYPES = YES;
				CLANG_WARN_SUSPICIOUS_MOVE = YES;
				CLANG_WARN_UNGUARDED_AVAILABILITY = YES_AGGRESSIVE;
				CLANG_WARN_UNREACHABLE_CODE = YES;
				CLANG_WARN__DUPLICATE_METHOD_MATCH = YES;
				CODE_SIGN_IDENTITY = "iPhone Developer";
				COPY_PHASE_STRIP = NO;
				DEBUG_INFORMATION_FORMAT = "dwarf-with-dsym";
				ENABLE_NS_ASSERTIONS = NO;
				ENABLE_STRICT_OBJC_MSGSEND = YES;
				GCC_C_LANGUAGE_STANDARD = gnu11;
				GCC_NO_COMMON_BLOCKS = YES;
				GCC_WARN_64_TO_32_BIT_CONVERSION = YES;
				GCC_WARN_ABOUT_RETURN_TYPE = YES_ERROR;
				GCC_WARN_UNDECLARED_SELECTOR = YES;
				GCC_WARN_UNINITIALIZED_AUTOS = YES_AGGRESSIVE;
				GCC_WARN_UNUSED_FUNCTION = YES;
				GCC_WARN_UNUSED_VARIABLE = YES;
				IPHONEOS_DEPLOYMENT_TARGET = 12.4;
				MTL_ENABLE_DEBUG_INFO = NO;
				MTL_FAST_MATH = YES;
				SDKROOT = iphoneos;
				VALIDATE_PRODUCT = YES;
			};
			name = Release;
		};
		AAAF79F3231A03D40033EE4B /* Debug */ = {
			isa = XCBuildConfiguration;
			buildSettings = {
				ASSETCATALOG_COMPILER_APPICON_NAME = AppIcon;
				CODE_SIGN_STYLE = Automatic;
				DEVELOPMENT_TEAM = 83RGGAXFN4;
				INFOPLIST_FILE = "Wechat-StoryBoard/Info.plist";
				LD_RUNPATH_SEARCH_PATHS = (
					"$(inherited)",
					"@executable_path/Frameworks",
				);
				PRODUCT_BUNDLE_IDENTIFIER = "liujinmeng.Wechat-StoryBoard";
				PRODUCT_NAME = "$(TARGET_NAME)";
				TARGETED_DEVICE_FAMILY = "1,2";
			};
			name = Debug;
		};
		AAAF79F4231A03D40033EE4B /* Release */ = {
			isa = XCBuildConfiguration;
			buildSettings = {
				ASSETCATALOG_COMPILER_APPICON_NAME = AppIcon;
				CODE_SIGN_STYLE = Automatic;
				DEVELOPMENT_TEAM = 83RGGAXFN4;
				INFOPLIST_FILE = "Wechat-StoryBoard/Info.plist";
				LD_RUNPATH_SEARCH_PATHS = (
					"$(inherited)",
					"@executable_path/Frameworks",
				);
				PRODUCT_BUNDLE_IDENTIFIER = "liujinmeng.Wechat-StoryBoard";
				PRODUCT_NAME = "$(TARGET_NAME)";
				TARGETED_DEVICE_FAMILY = "1,2";
			};
			name = Release;
		};
		AAAF79F6231A03D40033EE4B /* Debug */ = {
			isa = XCBuildConfiguration;
			buildSettings = {
				BUNDLE_LOADER = "$(TEST_HOST)";
				CODE_SIGN_STYLE = Automatic;
				DEVELOPMENT_TEAM = 83RGGAXFN4;
				INFOPLIST_FILE = "Wechat-StoryBoardTests/Info.plist";
				LD_RUNPATH_SEARCH_PATHS = (
					"$(inherited)",
					"@executable_path/Frameworks",
					"@loader_path/Frameworks",
				);
				PRODUCT_BUNDLE_IDENTIFIER = "liujinmeng.Wechat-StoryBoardTests";
				PRODUCT_NAME = "$(TARGET_NAME)";
				TARGETED_DEVICE_FAMILY = "1,2";
				TEST_HOST = "$(BUILT_PRODUCTS_DIR)/Wechat-StoryBoard.app/Wechat-StoryBoard";
			};
			name = Debug;
		};
		AAAF79F7231A03D40033EE4B /* Release */ = {
			isa = XCBuildConfiguration;
			buildSettings = {
				BUNDLE_LOADER = "$(TEST_HOST)";
				CODE_SIGN_STYLE = Automatic;
				DEVELOPMENT_TEAM = 83RGGAXFN4;
				INFOPLIST_FILE = "Wechat-StoryBoardTests/Info.plist";
				LD_RUNPATH_SEARCH_PATHS = (
					"$(inherited)",
					"@executable_path/Frameworks",
					"@loader_path/Frameworks",
				);
				PRODUCT_BUNDLE_IDENTIFIER = "liujinmeng.Wechat-StoryBoardTests";
				PRODUCT_NAME = "$(TARGET_NAME)";
				TARGETED_DEVICE_FAMILY = "1,2";
				TEST_HOST = "$(BUILT_PRODUCTS_DIR)/Wechat-StoryBoard.app/Wechat-StoryBoard";
			};
			name = Release;
		};
		AAAF79F9231A03D40033EE4B /* Debug */ = {
			isa = XCBuildConfiguration;
			buildSettings = {
				CODE_SIGN_STYLE = Automatic;
				DEVELOPMENT_TEAM = 83RGGAXFN4;
				INFOPLIST_FILE = "Wechat-StoryBoardUITests/Info.plist";
				LD_RUNPATH_SEARCH_PATHS = (
					"$(inherited)",
					"@executable_path/Frameworks",
					"@loader_path/Frameworks",
				);
				PRODUCT_BUNDLE_IDENTIFIER = "liujinmeng.Wechat-StoryBoardUITests";
				PRODUCT_NAME = "$(TARGET_NAME)";
				TARGETED_DEVICE_FAMILY = "1,2";
				TEST_TARGET_NAME = "Wechat-StoryBoard";
			};
			name = Debug;
		};
		AAAF79FA231A03D40033EE4B /* Release */ = {
			isa = XCBuildConfiguration;
			buildSettings = {
				CODE_SIGN_STYLE = Automatic;
				DEVELOPMENT_TEAM = 83RGGAXFN4;
				INFOPLIST_FILE = "Wechat-StoryBoardUITests/Info.plist";
				LD_RUNPATH_SEARCH_PATHS = (
					"$(inherited)",
					"@executable_path/Frameworks",
					"@loader_path/Frameworks",
				);
				PRODUCT_BUNDLE_IDENTIFIER = "liujinmeng.Wechat-StoryBoardUITests";
				PRODUCT_NAME = "$(TARGET_NAME)";
				TARGETED_DEVICE_FAMILY = "1,2";
				TEST_TARGET_NAME = "Wechat-StoryBoard";
			};
			name = Release;
		};
/* End XCBuildConfiguration section */

/* Begin XCConfigurationList section */
		AAAF79C1231A03D30033EE4B /* Build configuration list for PBXProject "Wechat-StoryBoard" */ = {
			isa = XCConfigurationList;
			buildConfigurations = (
				AAAF79F0231A03D40033EE4B /* Debug */,
				AAAF79F1231A03D40033EE4B /* Release */,
			);
			defaultConfigurationIsVisible = 0;
			defaultConfigurationName = Release;
		};
		AAAF79F2231A03D40033EE4B /* Build configuration list for PBXNativeTarget "Wechat-StoryBoard" */ = {
			isa = XCConfigurationList;
			buildConfigurations = (
				AAAF79F3231A03D40033EE4B /* Debug */,
				AAAF79F4231A03D40033EE4B /* Release */,
			);
			defaultConfigurationIsVisible = 0;
			defaultConfigurationName = Release;
		};
		AAAF79F5231A03D40033EE4B /* Build configuration list for PBXNativeTarget "Wechat-StoryBoardTests" */ = {
			isa = XCConfigurationList;
			buildConfigurations = (
				AAAF79F6231A03D40033EE4B /* Debug */,
				AAAF79F7231A03D40033EE4B /* Release */,
			);
			defaultConfigurationIsVisible = 0;
			defaultConfigurationName = Release;
		};
		AAAF79F8231A03D40033EE4B /* Build configuration list for PBXNativeTarget "Wechat-StoryBoardUITests" */ = {
			isa = XCConfigurationList;
			buildConfigurations = (
				AAAF79F9231A03D40033EE4B /* Debug */,
				AAAF79FA231A03D40033EE4B /* Release */,
			);
			defaultConfigurationIsVisible = 0;
			defaultConfigurationName = Release;
		};
/* End XCConfigurationList section */
	};
	rootObject = AAAF79BE231A03D30033EE4B /* Project object */;
}
